
Microsoft Visual Studio Solution File, Format Version 12.00
# Visual Studio 14
VisualStudioVersion = 14.0.25420.1
MinimumVisualStudioVersion = 10.0.40219.1
Project("{FAE04EC0-301F-11D3-BF4B-00C04F79EFBC}") = "Prog2_2", "Prog2_2\Prog2_2.csproj", "{257B598B-4578-46E5-BDE5-5693CD4FA1D0}"
EndProject
Global
	GlobalSection(SolutionConfigurationPlatforms) = preSolution
		Debug|Any CPU = Debug|Any CPU
		Release|Any CPU = Release|Any CPU
	EndGlobalSection
	GlobalSection(ProjectConfigurationPlatforms) = postSolution
		{257B598B-4578-46E5-BDE5-5693CD4FA1D0}.Debug|Any CPU.ActiveCfg = Debug|Any CPU
		{257B598B-4578-46E5-BDE5-5693CD4FA1D0}.Debug|Any CPU.Build.0 = Debug|Any CPU
		{257B598B-4578-46E5-BDE5-5693CD4FA1D0}.Release|Any CPU.ActiveCfg = Release|Any CPU
		{257B598B-4578-46E5-BDE5-5693CD4FA1D0}.Release|Any CPU.Build.0 = Release|Any CPU
	EndGlobalSection
	GlobalSection(SolutionProperties) = preSolution
		HideSolutionNode = FALSE
	EndGlobalSection
EndGlobal
